
Microsoft Visual Studio Solution File, Format Version 12.00
# Visual Studio Version 17
VisualStudioVersion = 17.10.34928.147
MinimumVisualStudioVersion = 10.0.40219.1
Project("{FAE04EC0-301F-11D3-BF4B-00C04F79EFBC}") = "Adventure-Quest-RPG", "Adventure-Quest-RPG\Adventure-Quest-RPG.csproj", "{C6FC21E6-C853-4733-87E6-3C8D1B57FE24}"
EndProject
Global
	GlobalSection(SolutionConfigurationPlatforms) = preSolution
		Debug|Any CPU = Debug|Any CPU
		Release|Any CPU = Release|Any CPU
	EndGlobalSection
	GlobalSection(ProjectConfigurationPlatforms) = postSolution
		{C6FC21E6-C853-4733-87E6-3C8D1B57FE24}.Debug|Any CPU.ActiveCfg = Debug|Any CPU
		{C6FC21E6-C853-4733-87E6-3C8D1B57FE24}.Debug|Any CPU.Build.0 = Debug|Any CPU
		{C6FC21E6-C853-4733-87E6-3C8D1B57FE24}.Release|Any CPU.ActiveCfg = Release|Any CPU
		{C6FC21E6-C853-4733-87E6-3C8D1B57FE24}.Release|Any CPU.Build.0 = Release|Any CPU
	EndGlobalSection
	GlobalSection(SolutionProperties) = preSolution
		HideSolutionNode = FALSE
	EndGlobalSection
	GlobalSection(ExtensibilityGlobals) = postSolution
		SolutionGuid = {44D45C15-B097-46D3-B96B-7F17ED100E38}
	EndGlobalSection
EndGlobal
